
Microsoft Visual Studio Solution File, Format Version 12.00
# Visual Studio Version 16
VisualStudioVersion = 16.0.30804.86
MinimumVisualStudioVersion = 10.0.40219.1
Project("{FAE04EC0-301F-11D3-BF4B-00C04F79EFBC}") = "EJZeroBackup", "EJZeroBackup\EJZeroBackup.csproj", "{540063A2-388D-4B77-99CE-23A93A90D87D}"
EndProject
Global
	GlobalSection(SolutionConfigurationPlatforms) = preSolution
		Debug|Any CPU = Debug|Any CPU
		Release|Any CPU = Release|Any CPU
	EndGlobalSection
	GlobalSection(ProjectConfigurationPlatforms) = postSolution
		{540063A2-388D-4B77-99CE-23A93A90D87D}.Debug|Any CPU.ActiveCfg = Debug|Any CPU
		{540063A2-388D-4B77-99CE-23A93A90D87D}.Debug|Any CPU.Build.0 = Debug|Any CPU
		{540063A2-388D-4B77-99CE-23A93A90D87D}.Release|Any CPU.ActiveCfg = Release|Any CPU
		{540063A2-388D-4B77-99CE-23A93A90D87D}.Release|Any CPU.Build.0 = Release|Any CPU
	EndGlobalSection
	GlobalSection(SolutionProperties) = preSolution
		HideSolutionNode = FALSE
	EndGlobalSection
	GlobalSection(ExtensibilityGlobals) = postSolution
		SolutionGuid = {D5A20343-EEE5-4674-AF50-B144C08DF95C}
	EndGlobalSection
EndGlobal
